<?xml version="1.0" encoding="utf-8"?>
<Project ToolsVersion="4.0" xmlns="http://schemas.microsoft.com/developer/msbuild/2003">
  <ItemGroup>
    <ClCompile Include="customer_service.cpp">
      <Filter>Source FIles</Filter>
    </ClCompile>
    <ClCompile Include="employee.cpp">
      <Filter>Source FIles</Filter>
    </ClCompile>
    <ClCompile Include="lazy_programmer.cpp">
      <Filter>Source FIles</Filter>
    </ClCompile>
    <ClCompile Include="main.cpp">
      <Filter>Source FIles</Filter>
    </ClCompile>
    <ClCompile Include="manager.cpp">
      <Filter>Source FIles</Filter>
    </ClCompile>
    <ClCompile Include="programmer.cpp">
      <Filter>Source FIles</Filter>
    </ClCompile>
    <ClCompile Include="ui_ux_designer.cpp">
      <Filter>Source FIles</Filter>
    </ClCompile>
  </ItemGroup>
  <ItemGroup>
    <ClInclude Include="manager.h">
      <Filter>Header Files</Filter>
    </ClInclude>
    <ClInclude Include="job.h">
      <Filter>Header Files</Filter>
    </ClInclude>
    <ClInclude Include="employee.h">
      <Filter>Header Files</Filter>
    </ClInclude>
  </ItemGroup>
  <ItemGroup>
    <Filter Include="Header Files">
      <UniqueIdentifier>{17ac1fcd-bc9f-4157-9b5d-f484366bd8c6}</UniqueIdentifier>
    </Filter>
    <Filter Include="Source FIles">
      <UniqueIdentifier>{9759fc55-f831-4b5e-98e3-235608593e30}</UniqueIdentifier>
    </Filter>
  </ItemGroup>
</Project>